
Microsoft Visual Studio Solution File, Format Version 12.00
# Visual Studio Version 17
VisualStudioVersion = 17.10.35013.160
MinimumVisualStudioVersion = 10.0.40219.1
Project("{FAE04EC0-301F-11D3-BF4B-00C04F79EFBC}") = "GorillaRegionOverride", "GorillaRegionOverride\GorillaRegionOverride.csproj", "{77A1E3C0-D949-4F3C-A4FF-7BFAA4E482D8}"
EndProject
Global
	GlobalSection(SolutionConfigurationPlatforms) = preSolution
		Debug|Any CPU = Debug|Any CPU
		Release|Any CPU = Release|Any CPU
	EndGlobalSection
	GlobalSection(ProjectConfigurationPlatforms) = postSolution
		{77A1E3C0-D949-4F3C-A4FF-7BFAA4E482D8}.Debug|Any CPU.ActiveCfg = Debug|Any CPU
		{77A1E3C0-D949-4F3C-A4FF-7BFAA4E482D8}.Debug|Any CPU.Build.0 = Debug|Any CPU
		{77A1E3C0-D949-4F3C-A4FF-7BFAA4E482D8}.Release|Any CPU.ActiveCfg = Release|Any CPU
		{77A1E3C0-D949-4F3C-A4FF-7BFAA4E482D8}.Release|Any CPU.Build.0 = Release|Any CPU
	EndGlobalSection
	GlobalSection(SolutionProperties) = preSolution
		HideSolutionNode = FALSE
	EndGlobalSection
	GlobalSection(ExtensibilityGlobals) = postSolution
		SolutionGuid = {8BFA0D5D-1081-47BC-92D8-38D09DD39F47}
	EndGlobalSection
EndGlobal
